
Microsoft Visual Studio Solution File, Format Version 12.00
# Visual Studio 2013
VisualStudioVersion = 12.0.21005.1
MinimumVisualStudioVersion = 10.0.40219.1
Project("{FAE04EC0-301F-11D3-BF4B-00C04F79EFBC}") = "BeRated.Analysis", "BeRated.Analysis\BeRated.Analysis.csproj", "{95CB2A81-8C73-46AC-9345-92914A163EB1}"
EndProject
Project("{FAE04EC0-301F-11D3-BF4B-00C04F79EFBC}") = "BeRated.Common", "BeRated.Common\BeRated.Common.csproj", "{37FB6E96-EA93-4368-96E2-370D538735D5}"
EndProject
Project("{FAE04EC0-301F-11D3-BF4B-00C04F79EFBC}") = "BeRated.Logs", "BeRated.Logs\BeRated.Logs.csproj", "{E888B0CB-DB7C-4B67-B591-6A715046C64C}"
EndProject
Project("{FAE04EC0-301F-11D3-BF4B-00C04F79EFBC}") = "BeRated.Web", "BeRated.Web\BeRated.Web.csproj", "{4D0D71AA-0357-4B85-A7A9-D61979896D85}"
EndProject
Project("{FAE04EC0-301F-11D3-BF4B-00C04F79EFBC}") = "BeRated.Web.Logs", "BeRated.Web.Logs\BeRated.Web.Logs.csproj", "{15309ED6-CBEB-4EE5-B84B-E849D3DECFB0}"
EndProject
Project("{FAE04EC0-301F-11D3-BF4B-00C04F79EFBC}") = "Ashod", "..\Ashod\Ashod\Ashod.csproj", "{9659019C-3181-4C5C-BD0D-0117456328A6}"
EndProject
Project("{FAE04EC0-301F-11D3-BF4B-00C04F79EFBC}") = "Ashod.WebSocket", "..\Ashod\Ashod.WebSocket\Ashod.WebSocket.csproj", "{7B4923D9-8607-4B59-93FD-E2A4327A11BF}"
EndProject
Global
	GlobalSection(SolutionConfigurationPlatforms) = preSolution
		Debug|Any CPU = Debug|Any CPU
		Debug|Mixed Platforms = Debug|Mixed Platforms
		Debug|Win32 = Debug|Win32
		Release|Any CPU = Release|Any CPU
		Release|Mixed Platforms = Release|Mixed Platforms
		Release|Win32 = Release|Win32
	EndGlobalSection
	GlobalSection(ProjectConfigurationPlatforms) = postSolution
		{95CB2A81-8C73-46AC-9345-92914A163EB1}.Debug|Any CPU.ActiveCfg = Debug|Any CPU
		{95CB2A81-8C73-46AC-9345-92914A163EB1}.Debug|Any CPU.Build.0 = Debug|Any CPU
		{95CB2A81-8C73-46AC-9345-92914A163EB1}.Debug|Mixed Platforms.ActiveCfg = Debug|Any CPU
		{95CB2A81-8C73-46AC-9345-92914A163EB1}.Debug|Mixed Platforms.Build.0 = Debug|Any CPU
		{95CB2A81-8C73-46AC-9345-92914A163EB1}.Debug|Win32.ActiveCfg = Debug|Any CPU
		{95CB2A81-8C73-46AC-9345-92914A163EB1}.Release|Any CPU.ActiveCfg = Release|Any CPU
		{95CB2A81-8C73-46AC-9345-92914A163EB1}.Release|Any CPU.Build.0 = Release|Any CPU
		{95CB2A81-8C73-46AC-9345-92914A163EB1}.Release|Mixed Platforms.ActiveCfg = Release|Any CPU
		{95CB2A81-8C73-46AC-9345-92914A163EB1}.Release|Mixed Platforms.Build.0 = Release|Any CPU
		{95CB2A81-8C73-46AC-9345-92914A163EB1}.Release|Win32.ActiveCfg = Release|Any CPU
		{37FB6E96-EA93-4368-96E2-370D538735D5}.Debug|Any CPU.ActiveCfg = Debug|Any CPU
		{37FB6E96-EA93-4368-96E2-370D538735D5}.Debug|Any CPU.Build.0 = Debug|Any CPU
		{37FB6E96-EA93-4368-96E2-370D538735D5}.Debug|Mixed Platforms.ActiveCfg = Debug|Any CPU
		{37FB6E96-EA93-4368-96E2-370D538735D5}.Debug|Mixed Platforms.Build.0 = Debug|Any CPU
		{37FB6E96-EA93-4368-96E2-370D538735D5}.Debug|Win32.ActiveCfg = Debug|Any CPU
		{37FB6E96-EA93-4368-96E2-370D538735D5}.Release|Any CPU.ActiveCfg = Release|Any CPU
		{37FB6E96-EA93-4368-96E2-370D538735D5}.Release|Any CPU.Build.0 = Release|Any CPU
		{37FB6E96-EA93-4368-96E2-370D538735D5}.Release|Mixed Platforms.ActiveCfg = Release|Any CPU
		{37FB6E96-EA93-4368-96E2-370D538735D5}.Release|Mixed Platforms.Build.0 = Release|Any CPU
		{37FB6E96-EA93-4368-96E2-370D538735D5}.Release|Win32.ActiveCfg = Release|Any CPU
		{E888B0CB-DB7C-4B67-B591-6A715046C64C}.Debug|Any CPU.ActiveCfg = Debug|Any CPU
		{E888B0CB-DB7C-4B67-B591-6A715046C64C}.Debug|Any CPU.Build.0 = Debug|Any CPU
		{E888B0CB-DB7C-4B67-B591-6A715046C64C}.Debug|Mixed Platforms.ActiveCfg = Debug|Any CPU
		{E888B0CB-DB7C-4B67-B591-6A715046C64C}.Debug|Mixed Platforms.Build.0 = Debug|Any CPU
		{E888B0CB-DB7C-4B67-B591-6A715046C64C}.Debug|Win32.ActiveCfg = Debug|Any CPU
		{E888B0CB-DB7C-4B67-B591-6A715046C64C}.Release|Any CPU.ActiveCfg = Release|Any CPU
		{E888B0CB-DB7C-4B67-B591-6A715046C64C}.Release|Any CPU.Build.0 = Release|Any CPU
		{E888B0CB-DB7C-4B67-B591-6A715046C64C}.Release|Mixed Platforms.ActiveCfg = Release|Any CPU
		{E888B0CB-DB7C-4B67-B591-6A715046C64C}.Release|Mixed Platforms.Build.0 = Release|Any CPU
		{E888B0CB-DB7C-4B67-B591-6A715046C64C}.Release|Win32.ActiveCfg = Release|Any CPU
		{4D0D71AA-0357-4B85-A7A9-D61979896D85}.Debug|Any CPU.ActiveCfg = Debug|Any CPU
		{4D0D71AA-0357-4B85-A7A9-D61979896D85}.Debug|Any CPU.Build.0 = Debug|Any CPU
		{4D0D71AA-0357-4B85-A7A9-D61979896D85}.Debug|Mixed Platforms.ActiveCfg = Debug|Any CPU
		{4D0D71AA-0357-4B85-A7A9-D61979896D85}.Debug|Mixed Platforms.Build.0 = Debug|Any CPU
		{4D0D71AA-0357-4B85-A7A9-D61979896D85}.Debug|Win32.ActiveCfg = Debug|Any CPU
		{4D0D71AA-0357-4B85-A7A9-D61979896D85}.Release|Any CPU.ActiveCfg = Release|Any CPU
		{4D0D71AA-0357-4B85-A7A9-D61979896D85}.Release|Any CPU.Build.0 = Release|Any CPU
		{4D0D71AA-0357-4B85-A7A9-D61979896D85}.Release|Mixed Platforms.ActiveCfg = Release|Any CPU
		{4D0D71AA-0357-4B85-A7A9-D61979896D85}.Release|Mixed Platforms.Build.0 = Release|Any CPU
		{4D0D71AA-0357-4B85-A7A9-D61979896D85}.Release|Win32.ActiveCfg = Release|Any CPU
		{15309ED6-CBEB-4EE5-B84B-E849D3DECFB0}.Debug|Any CPU.ActiveCfg = Debug|Any CPU
		{15309ED6-CBEB-4EE5-B84B-E849D3DECFB0}.Debug|Any CPU.Build.0 = Debug|Any CPU
		{15309ED6-CBEB-4EE5-B84B-E849D3DECFB0}.Debug|Mixed Platforms.ActiveCfg = Debug|Any CPU
		{15309ED6-CBEB-4EE5-B84B-E849D3DECFB0}.Debug|Mixed Platforms.Build.0 = Debug|Any CPU
		{15309ED6-CBEB-4EE5-B84B-E849D3DECFB0}.Debug|Win32.ActiveCfg = Debug|Any CPU
		{15309ED6-CBEB-4EE5-B84B-E849D3DECFB0}.Release|Any CPU.ActiveCfg = Release|Any CPU
		{15309ED6-CBEB-4EE5-B84B-E849D3DECFB0}.Release|Any CPU.Build.0 = Release|Any CPU
		{15309ED6-CBEB-4EE5-B84B-E849D3DECFB0}.Release|Mixed Platforms.ActiveCfg = Release|Any CPU
		{15309ED6-CBEB-4EE5-B84B-E849D3DECFB0}.Release|Mixed Platforms.Build.0 = Release|Any CPU
		{15309ED6-CBEB-4EE5-B84B-E849D3DECFB0}.Release|Win32.ActiveCfg = Release|Any CPU
		{9659019C-3181-4C5C-BD0D-0117456328A6}.Debug|Any CPU.ActiveCfg = Debug|Any CPU
		{9659019C-3181-4C5C-BD0D-0117456328A6}.Debug|Any CPU.Build.0 = Debug|Any CPU
		{9659019C-3181-4C5C-BD0D-0117456328A6}.Debug|Mixed Platforms.ActiveCfg = Debug|Any CPU
		{9659019C-3181-4C5C-BD0D-0117456328A6}.Debug|Mixed Platforms.Build.0 = Debug|Any CPU
		{9659019C-3181-4C5C-BD0D-0117456328A6}.Debug|Win32.ActiveCfg = Debug|Any CPU
		{9659019C-3181-4C5C-BD0D-0117456328A6}.Release|Any CPU.ActiveCfg = Release|Any CPU
		{9659019C-3181-4C5C-BD0D-0117456328A6}.Release|Any CPU.Build.0 = Release|Any CPU
		{9659019C-3181-4C5C-BD0D-0117456328A6}.Release|Mixed Platforms.ActiveCfg = Release|Any CPU
		{9659019C-3181-4C5C-BD0D-0117456328A6}.Release|Mixed Platforms.Build.0 = Release|Any CPU
		{9659019C-3181-4C5C-BD0D-0117456328A6}.Release|Win32.ActiveCfg = Release|Any CPU
		{7B4923D9-8607-4B59-93FD-E2A4327A11BF}.Debug|Any CPU.ActiveCfg = Debug|Any CPU
		{7B4923D9-8607-4B59-93FD-E2A4327A11BF}.Debug|Any CPU.Build.0 = Debug|Any CPU
		{7B4923D9-8607-4B59-93FD-E2A4327A11BF}.Debug|Mixed Platforms.ActiveCfg = Debug|Any CPU
		{7B4923D9-8607-4B59-93FD-E2A4327A11BF}.Debug|Mixed Platforms.Build.0 = Debug|Any CPU
		{7B4923D9-8607-4B59-93FD-E2A4327A11BF}.Debug|Win32.ActiveCfg = Debug|Any CPU
		{7B4923D9-8607-4B59-93FD-E2A4327A11BF}.Release|Any CPU.ActiveCfg = Release|Any CPU
		{7B4923D9-8607-4B59-93FD-E2A4327A11BF}.Release|Any CPU.Build.0 = Release|Any CPU
		{7B4923D9-8607-4B59-93FD-E2A4327A11BF}.Release|Mixed Platforms.ActiveCfg = Release|Any CPU
		{7B4923D9-8607-4B59-93FD-E2A4327A11BF}.Release|Mixed Platforms.Build.0 = Release|Any CPU
		{7B4923D9-8607-4B59-93FD-E2A4327A11BF}.Release|Win32.ActiveCfg = Release|Any CPU
	EndGlobalSection
	GlobalSection(SolutionProperties) = preSolution
		HideSolutionNode = FALSE
	EndGlobalSection
EndGlobal
